
Microsoft Visual Studio Solution File, Format Version 12.00
# Visual Studio 15
VisualStudioVersion = 15.0.28010.2019
MinimumVisualStudioVersion = 10.0.40219.1
Project("{FAE04EC0-301F-11D3-BF4B-00C04F79EFBC}") = "BOJ_2455_CS", "BOJ_2455_CS\BOJ_2455_CS.csproj", "{68868B5A-768E-4FF9-9B7B-73DF2D38B7C0}"
EndProject
Global
	GlobalSection(SolutionConfigurationPlatforms) = preSolution
		Debug|Any CPU = Debug|Any CPU
		Release|Any CPU = Release|Any CPU
	EndGlobalSection
	GlobalSection(ProjectConfigurationPlatforms) = postSolution
		{68868B5A-768E-4FF9-9B7B-73DF2D38B7C0}.Debug|Any CPU.ActiveCfg = Debug|Any CPU
		{68868B5A-768E-4FF9-9B7B-73DF2D38B7C0}.Debug|Any CPU.Build.0 = Debug|Any CPU
		{68868B5A-768E-4FF9-9B7B-73DF2D38B7C0}.Release|Any CPU.ActiveCfg = Release|Any CPU
		{68868B5A-768E-4FF9-9B7B-73DF2D38B7C0}.Release|Any CPU.Build.0 = Release|Any CPU
	EndGlobalSection
	GlobalSection(SolutionProperties) = preSolution
		HideSolutionNode = FALSE
	EndGlobalSection
	GlobalSection(ExtensibilityGlobals) = postSolution
		SolutionGuid = {DE3AC11C-733B-4C6A-933E-CD93AEEE408F}
	EndGlobalSection
EndGlobal
