
Microsoft Visual Studio Solution File, Format Version 12.00
# Visual Studio 15
VisualStudioVersion = 15.0.28010.2019
MinimumVisualStudioVersion = 10.0.40219.1
Project("{8BC9CEB8-8B4A-11D0-8D11-00A0C91BC942}") = "BOJ_1929", "BOJ_1929\BOJ_1929.vcxproj", "{7B198133-D223-4C86-8B72-B056A28382CF}"
EndProject
Global
	GlobalSection(SolutionConfigurationPlatforms) = preSolution
		Debug|x64 = Debug|x64
		Debug|x86 = Debug|x86
		Release|x64 = Release|x64
		Release|x86 = Release|x86
	EndGlobalSection
	GlobalSection(ProjectConfigurationPlatforms) = postSolution
		{7B198133-D223-4C86-8B72-B056A28382CF}.Debug|x64.ActiveCfg = Debug|x64
		{7B198133-D223-4C86-8B72-B056A28382CF}.Debug|x64.Build.0 = Debug|x64
		{7B198133-D223-4C86-8B72-B056A28382CF}.Debug|x86.ActiveCfg = Debug|Win32
		{7B198133-D223-4C86-8B72-B056A28382CF}.Debug|x86.Build.0 = Debug|Win32
		{7B198133-D223-4C86-8B72-B056A28382CF}.Release|x64.ActiveCfg = Release|x64
		{7B198133-D223-4C86-8B72-B056A28382CF}.Release|x64.Build.0 = Release|x64
		{7B198133-D223-4C86-8B72-B056A28382CF}.Release|x86.ActiveCfg = Release|Win32
		{7B198133-D223-4C86-8B72-B056A28382CF}.Release|x86.Build.0 = Release|Win32
	EndGlobalSection
	GlobalSection(SolutionProperties) = preSolution
		HideSolutionNode = FALSE
	EndGlobalSection
	GlobalSection(ExtensibilityGlobals) = postSolution
		SolutionGuid = {45383734-626A-4C8D-9BDE-B57E4678D07E}
	EndGlobalSection
EndGlobal
