
Microsoft Visual Studio Solution File, Format Version 12.00
# Visual Studio 15
VisualStudioVersion = 15.0.27004.2006
MinimumVisualStudioVersion = 10.0.40219.1
Project("{8BC9CEB8-8B4A-11D0-8D11-00A0C91BC942}") = "BOJ_10718", "BOJ_10718\BOJ_10718.vcxproj", "{47ABE7B3-CCDE-49B3-9BA0-B8872FDC5E7C}"
EndProject
Global
	GlobalSection(SolutionConfigurationPlatforms) = preSolution
		Debug|x64 = Debug|x64
		Debug|x86 = Debug|x86
		Release|x64 = Release|x64
		Release|x86 = Release|x86
	EndGlobalSection
	GlobalSection(ProjectConfigurationPlatforms) = postSolution
		{47ABE7B3-CCDE-49B3-9BA0-B8872FDC5E7C}.Debug|x64.ActiveCfg = Debug|x64
		{47ABE7B3-CCDE-49B3-9BA0-B8872FDC5E7C}.Debug|x64.Build.0 = Debug|x64
		{47ABE7B3-CCDE-49B3-9BA0-B8872FDC5E7C}.Debug|x86.ActiveCfg = Debug|Win32
		{47ABE7B3-CCDE-49B3-9BA0-B8872FDC5E7C}.Debug|x86.Build.0 = Debug|Win32
		{47ABE7B3-CCDE-49B3-9BA0-B8872FDC5E7C}.Release|x64.ActiveCfg = Release|x64
		{47ABE7B3-CCDE-49B3-9BA0-B8872FDC5E7C}.Release|x64.Build.0 = Release|x64
		{47ABE7B3-CCDE-49B3-9BA0-B8872FDC5E7C}.Release|x86.ActiveCfg = Release|Win32
		{47ABE7B3-CCDE-49B3-9BA0-B8872FDC5E7C}.Release|x86.Build.0 = Release|Win32
	EndGlobalSection
	GlobalSection(SolutionProperties) = preSolution
		HideSolutionNode = FALSE
	EndGlobalSection
	GlobalSection(ExtensibilityGlobals) = postSolution
		SolutionGuid = {1D06113D-3D58-41E8-AA85-6F411B343EB6}
	EndGlobalSection
EndGlobal
