
Microsoft Visual Studio Solution File, Format Version 12.00
# Visual Studio 15
VisualStudioVersion = 15.0.27703.2042
MinimumVisualStudioVersion = 10.0.40219.1
Project("{FAE04EC0-301F-11D3-BF4B-00C04F79EFBC}") = "BOJ_2156_CS", "BOJ_2156_CS\BOJ_2156_CS.csproj", "{A48C01A3-FF9B-47DF-BC94-8C74B10C27E5}"
EndProject
Global
	GlobalSection(SolutionConfigurationPlatforms) = preSolution
		Debug|Any CPU = Debug|Any CPU
		Release|Any CPU = Release|Any CPU
	EndGlobalSection
	GlobalSection(ProjectConfigurationPlatforms) = postSolution
		{A48C01A3-FF9B-47DF-BC94-8C74B10C27E5}.Debug|Any CPU.ActiveCfg = Debug|Any CPU
		{A48C01A3-FF9B-47DF-BC94-8C74B10C27E5}.Debug|Any CPU.Build.0 = Debug|Any CPU
		{A48C01A3-FF9B-47DF-BC94-8C74B10C27E5}.Release|Any CPU.ActiveCfg = Release|Any CPU
		{A48C01A3-FF9B-47DF-BC94-8C74B10C27E5}.Release|Any CPU.Build.0 = Release|Any CPU
	EndGlobalSection
	GlobalSection(SolutionProperties) = preSolution
		HideSolutionNode = FALSE
	EndGlobalSection
	GlobalSection(ExtensibilityGlobals) = postSolution
		SolutionGuid = {7E083CE8-C039-4E02-84EE-8EC746147331}
	EndGlobalSection
EndGlobal
