
Microsoft Visual Studio Solution File, Format Version 12.00
# Visual Studio 15
VisualStudioVersion = 15.0.28010.2019
MinimumVisualStudioVersion = 10.0.40219.1
Project("{FAE04EC0-301F-11D3-BF4B-00C04F79EFBC}") = "BOJ_2444_CS", "BOJ_2444_CS\BOJ_2444_CS.csproj", "{98E87E05-91FD-4C29-8787-D82A7F85D343}"
EndProject
Global
	GlobalSection(SolutionConfigurationPlatforms) = preSolution
		Debug|Any CPU = Debug|Any CPU
		Release|Any CPU = Release|Any CPU
	EndGlobalSection
	GlobalSection(ProjectConfigurationPlatforms) = postSolution
		{98E87E05-91FD-4C29-8787-D82A7F85D343}.Debug|Any CPU.ActiveCfg = Debug|Any CPU
		{98E87E05-91FD-4C29-8787-D82A7F85D343}.Debug|Any CPU.Build.0 = Debug|Any CPU
		{98E87E05-91FD-4C29-8787-D82A7F85D343}.Release|Any CPU.ActiveCfg = Release|Any CPU
		{98E87E05-91FD-4C29-8787-D82A7F85D343}.Release|Any CPU.Build.0 = Release|Any CPU
	EndGlobalSection
	GlobalSection(SolutionProperties) = preSolution
		HideSolutionNode = FALSE
	EndGlobalSection
	GlobalSection(ExtensibilityGlobals) = postSolution
		SolutionGuid = {54D25A44-D4AB-4A6F-997A-CD3E430984FE}
	EndGlobalSection
EndGlobal
