
Microsoft Visual Studio Solution File, Format Version 12.00
# Visual Studio 15
VisualStudioVersion = 15.0.28010.2019
MinimumVisualStudioVersion = 10.0.40219.1
Project("{FAE04EC0-301F-11D3-BF4B-00C04F79EFBC}") = "BOJ_11021_CS", "BOJ_11021_CS\BOJ_11021_CS.csproj", "{454D52D9-82A1-449A-B261-60F14FE7C858}"
EndProject
Global
	GlobalSection(SolutionConfigurationPlatforms) = preSolution
		Debug|Any CPU = Debug|Any CPU
		Release|Any CPU = Release|Any CPU
	EndGlobalSection
	GlobalSection(ProjectConfigurationPlatforms) = postSolution
		{454D52D9-82A1-449A-B261-60F14FE7C858}.Debug|Any CPU.ActiveCfg = Debug|Any CPU
		{454D52D9-82A1-449A-B261-60F14FE7C858}.Debug|Any CPU.Build.0 = Debug|Any CPU
		{454D52D9-82A1-449A-B261-60F14FE7C858}.Release|Any CPU.ActiveCfg = Release|Any CPU
		{454D52D9-82A1-449A-B261-60F14FE7C858}.Release|Any CPU.Build.0 = Release|Any CPU
	EndGlobalSection
	GlobalSection(SolutionProperties) = preSolution
		HideSolutionNode = FALSE
	EndGlobalSection
	GlobalSection(ExtensibilityGlobals) = postSolution
		SolutionGuid = {BE855FF4-5812-417E-8D99-44AE505C9E5B}
	EndGlobalSection
EndGlobal
