
Microsoft Visual Studio Solution File, Format Version 12.00
# Visual Studio 15
VisualStudioVersion = 15.0.28010.2019
MinimumVisualStudioVersion = 10.0.40219.1
Project("{8BC9CEB8-8B4A-11D0-8D11-00A0C91BC942}") = "BOJ_10952", "BOJ_10952\BOJ_10952.vcxproj", "{4C608CC3-31BC-4053-AB5E-37D1FCFEFA36}"
EndProject
Global
	GlobalSection(SolutionConfigurationPlatforms) = preSolution
		Debug|x64 = Debug|x64
		Debug|x86 = Debug|x86
		Release|x64 = Release|x64
		Release|x86 = Release|x86
	EndGlobalSection
	GlobalSection(ProjectConfigurationPlatforms) = postSolution
		{4C608CC3-31BC-4053-AB5E-37D1FCFEFA36}.Debug|x64.ActiveCfg = Debug|x64
		{4C608CC3-31BC-4053-AB5E-37D1FCFEFA36}.Debug|x64.Build.0 = Debug|x64
		{4C608CC3-31BC-4053-AB5E-37D1FCFEFA36}.Debug|x86.ActiveCfg = Debug|Win32
		{4C608CC3-31BC-4053-AB5E-37D1FCFEFA36}.Debug|x86.Build.0 = Debug|Win32
		{4C608CC3-31BC-4053-AB5E-37D1FCFEFA36}.Release|x64.ActiveCfg = Release|x64
		{4C608CC3-31BC-4053-AB5E-37D1FCFEFA36}.Release|x64.Build.0 = Release|x64
		{4C608CC3-31BC-4053-AB5E-37D1FCFEFA36}.Release|x86.ActiveCfg = Release|Win32
		{4C608CC3-31BC-4053-AB5E-37D1FCFEFA36}.Release|x86.Build.0 = Release|Win32
	EndGlobalSection
	GlobalSection(SolutionProperties) = preSolution
		HideSolutionNode = FALSE
	EndGlobalSection
	GlobalSection(ExtensibilityGlobals) = postSolution
		SolutionGuid = {CEB72356-CC47-436A-B4FB-479E4FEB4EE5}
	EndGlobalSection
EndGlobal
