
Microsoft Visual Studio Solution File, Format Version 12.00
# Visual Studio 15
VisualStudioVersion = 15.0.28010.2019
MinimumVisualStudioVersion = 10.0.40219.1
Project("{FAE04EC0-301F-11D3-BF4B-00C04F79EFBC}") = "BOJ_10951_CS", "BOJ_10951_CS\BOJ_10951_CS.csproj", "{392B52BB-6431-43C1-9B81-DF8190D2BD32}"
EndProject
Global
	GlobalSection(SolutionConfigurationPlatforms) = preSolution
		Debug|Any CPU = Debug|Any CPU
		Release|Any CPU = Release|Any CPU
	EndGlobalSection
	GlobalSection(ProjectConfigurationPlatforms) = postSolution
		{392B52BB-6431-43C1-9B81-DF8190D2BD32}.Debug|Any CPU.ActiveCfg = Debug|Any CPU
		{392B52BB-6431-43C1-9B81-DF8190D2BD32}.Debug|Any CPU.Build.0 = Debug|Any CPU
		{392B52BB-6431-43C1-9B81-DF8190D2BD32}.Release|Any CPU.ActiveCfg = Release|Any CPU
		{392B52BB-6431-43C1-9B81-DF8190D2BD32}.Release|Any CPU.Build.0 = Release|Any CPU
	EndGlobalSection
	GlobalSection(SolutionProperties) = preSolution
		HideSolutionNode = FALSE
	EndGlobalSection
	GlobalSection(ExtensibilityGlobals) = postSolution
		SolutionGuid = {854B92C8-298E-491F-8B11-21BFC99B5ACD}
	EndGlobalSection
EndGlobal
