
Microsoft Visual Studio Solution File, Format Version 12.00
# Visual Studio 15
VisualStudioVersion = 15.0.28010.2019
MinimumVisualStudioVersion = 10.0.40219.1
Project("{FAE04EC0-301F-11D3-BF4B-00C04F79EFBC}") = "BOJ_11399_CS", "BOJ_11399_CS\BOJ_11399_CS.csproj", "{67802338-C1DB-476D-B432-22CED61F1EDE}"
EndProject
Global
	GlobalSection(SolutionConfigurationPlatforms) = preSolution
		Debug|Any CPU = Debug|Any CPU
		Release|Any CPU = Release|Any CPU
	EndGlobalSection
	GlobalSection(ProjectConfigurationPlatforms) = postSolution
		{67802338-C1DB-476D-B432-22CED61F1EDE}.Debug|Any CPU.ActiveCfg = Debug|Any CPU
		{67802338-C1DB-476D-B432-22CED61F1EDE}.Debug|Any CPU.Build.0 = Debug|Any CPU
		{67802338-C1DB-476D-B432-22CED61F1EDE}.Release|Any CPU.ActiveCfg = Release|Any CPU
		{67802338-C1DB-476D-B432-22CED61F1EDE}.Release|Any CPU.Build.0 = Release|Any CPU
	EndGlobalSection
	GlobalSection(SolutionProperties) = preSolution
		HideSolutionNode = FALSE
	EndGlobalSection
	GlobalSection(ExtensibilityGlobals) = postSolution
		SolutionGuid = {B5CFCCD6-E3F3-4459-A180-398BCB89BC35}
	EndGlobalSection
EndGlobal
