
Microsoft Visual Studio Solution File, Format Version 12.00
# Visual Studio 15
VisualStudioVersion = 15.0.27004.2008
MinimumVisualStudioVersion = 10.0.40219.1
Project("{8BC9CEB8-8B4A-11D0-8D11-00A0C91BC942}") = "BOJ_2920", "BOJ_2920\BOJ_2920.vcxproj", "{4522D56A-0313-4313-8505-7F1B08B3A2B2}"
EndProject
Global
	GlobalSection(SolutionConfigurationPlatforms) = preSolution
		Debug|x64 = Debug|x64
		Debug|x86 = Debug|x86
		Release|x64 = Release|x64
		Release|x86 = Release|x86
	EndGlobalSection
	GlobalSection(ProjectConfigurationPlatforms) = postSolution
		{4522D56A-0313-4313-8505-7F1B08B3A2B2}.Debug|x64.ActiveCfg = Debug|x64
		{4522D56A-0313-4313-8505-7F1B08B3A2B2}.Debug|x64.Build.0 = Debug|x64
		{4522D56A-0313-4313-8505-7F1B08B3A2B2}.Debug|x86.ActiveCfg = Debug|Win32
		{4522D56A-0313-4313-8505-7F1B08B3A2B2}.Debug|x86.Build.0 = Debug|Win32
		{4522D56A-0313-4313-8505-7F1B08B3A2B2}.Release|x64.ActiveCfg = Release|x64
		{4522D56A-0313-4313-8505-7F1B08B3A2B2}.Release|x64.Build.0 = Release|x64
		{4522D56A-0313-4313-8505-7F1B08B3A2B2}.Release|x86.ActiveCfg = Release|Win32
		{4522D56A-0313-4313-8505-7F1B08B3A2B2}.Release|x86.Build.0 = Release|Win32
	EndGlobalSection
	GlobalSection(SolutionProperties) = preSolution
		HideSolutionNode = FALSE
	EndGlobalSection
	GlobalSection(ExtensibilityGlobals) = postSolution
		SolutionGuid = {0B8FAF87-8C98-4148-9884-BC40295366DB}
	EndGlobalSection
EndGlobal
