
Microsoft Visual Studio Solution File, Format Version 12.00
# Visual Studio 15
VisualStudioVersion = 15.0.27004.2008
MinimumVisualStudioVersion = 10.0.40219.1
Project("{8BC9CEB8-8B4A-11D0-8D11-00A0C91BC942}") = "BOJ_1110", "BOJ_1110\BOJ_1110.vcxproj", "{8A84CED8-BC82-41A7-B53C-2CA53C252AB5}"
EndProject
Global
	GlobalSection(SolutionConfigurationPlatforms) = preSolution
		Debug|x64 = Debug|x64
		Debug|x86 = Debug|x86
		Release|x64 = Release|x64
		Release|x86 = Release|x86
	EndGlobalSection
	GlobalSection(ProjectConfigurationPlatforms) = postSolution
		{8A84CED8-BC82-41A7-B53C-2CA53C252AB5}.Debug|x64.ActiveCfg = Debug|x64
		{8A84CED8-BC82-41A7-B53C-2CA53C252AB5}.Debug|x64.Build.0 = Debug|x64
		{8A84CED8-BC82-41A7-B53C-2CA53C252AB5}.Debug|x86.ActiveCfg = Debug|Win32
		{8A84CED8-BC82-41A7-B53C-2CA53C252AB5}.Debug|x86.Build.0 = Debug|Win32
		{8A84CED8-BC82-41A7-B53C-2CA53C252AB5}.Release|x64.ActiveCfg = Release|x64
		{8A84CED8-BC82-41A7-B53C-2CA53C252AB5}.Release|x64.Build.0 = Release|x64
		{8A84CED8-BC82-41A7-B53C-2CA53C252AB5}.Release|x86.ActiveCfg = Release|Win32
		{8A84CED8-BC82-41A7-B53C-2CA53C252AB5}.Release|x86.Build.0 = Release|Win32
	EndGlobalSection
	GlobalSection(SolutionProperties) = preSolution
		HideSolutionNode = FALSE
	EndGlobalSection
	GlobalSection(ExtensibilityGlobals) = postSolution
		SolutionGuid = {48CFE80A-7914-4CC1-A83E-4C0C64AB4A6B}
	EndGlobalSection
EndGlobal
