
Microsoft Visual Studio Solution File, Format Version 12.00
# Visual Studio 15
VisualStudioVersion = 15.0.28010.2019
MinimumVisualStudioVersion = 10.0.40219.1
Project("{FAE04EC0-301F-11D3-BF4B-00C04F79EFBC}") = "BOJ_2606_CS", "BOJ_2606_CS\BOJ_2606_CS.csproj", "{9E147B24-3C3A-4364-AD53-2DECBE815439}"
EndProject
Global
	GlobalSection(SolutionConfigurationPlatforms) = preSolution
		Debug|Any CPU = Debug|Any CPU
		Release|Any CPU = Release|Any CPU
	EndGlobalSection
	GlobalSection(ProjectConfigurationPlatforms) = postSolution
		{9E147B24-3C3A-4364-AD53-2DECBE815439}.Debug|Any CPU.ActiveCfg = Debug|Any CPU
		{9E147B24-3C3A-4364-AD53-2DECBE815439}.Debug|Any CPU.Build.0 = Debug|Any CPU
		{9E147B24-3C3A-4364-AD53-2DECBE815439}.Release|Any CPU.ActiveCfg = Release|Any CPU
		{9E147B24-3C3A-4364-AD53-2DECBE815439}.Release|Any CPU.Build.0 = Release|Any CPU
	EndGlobalSection
	GlobalSection(SolutionProperties) = preSolution
		HideSolutionNode = FALSE
	EndGlobalSection
	GlobalSection(ExtensibilityGlobals) = postSolution
		SolutionGuid = {BCCFFB67-5E47-4311-8F6B-4C6BE66C0EDF}
	EndGlobalSection
EndGlobal
