
Microsoft Visual Studio Solution File, Format Version 12.00
# Visual Studio 15
VisualStudioVersion = 15.0.28010.2019
MinimumVisualStudioVersion = 10.0.40219.1
Project("{FAE04EC0-301F-11D3-BF4B-00C04F79EFBC}") = "BOJ_2748_CS", "BOJ_2748_CS\BOJ_2748_CS.csproj", "{672C431D-2AD2-48F6-8131-584EAEC67023}"
EndProject
Global
	GlobalSection(SolutionConfigurationPlatforms) = preSolution
		Debug|Any CPU = Debug|Any CPU
		Release|Any CPU = Release|Any CPU
	EndGlobalSection
	GlobalSection(ProjectConfigurationPlatforms) = postSolution
		{672C431D-2AD2-48F6-8131-584EAEC67023}.Debug|Any CPU.ActiveCfg = Debug|Any CPU
		{672C431D-2AD2-48F6-8131-584EAEC67023}.Debug|Any CPU.Build.0 = Debug|Any CPU
		{672C431D-2AD2-48F6-8131-584EAEC67023}.Release|Any CPU.ActiveCfg = Release|Any CPU
		{672C431D-2AD2-48F6-8131-584EAEC67023}.Release|Any CPU.Build.0 = Release|Any CPU
	EndGlobalSection
	GlobalSection(SolutionProperties) = preSolution
		HideSolutionNode = FALSE
	EndGlobalSection
	GlobalSection(ExtensibilityGlobals) = postSolution
		SolutionGuid = {6A72D74C-1350-41CD-A4C6-A6C3CFC4A57F}
	EndGlobalSection
EndGlobal
