
Microsoft Visual Studio Solution File, Format Version 12.00
# Visual Studio 15
VisualStudioVersion = 15.0.28010.2019
MinimumVisualStudioVersion = 10.0.40219.1
Project("{FAE04EC0-301F-11D3-BF4B-00C04F79EFBC}") = "BOJ_1929_CS", "BOJ_1929_CS\BOJ_1929_CS.csproj", "{0428388D-FA8E-48E5-A58A-B8744B3BDDD2}"
EndProject
Global
	GlobalSection(SolutionConfigurationPlatforms) = preSolution
		Debug|Any CPU = Debug|Any CPU
		Release|Any CPU = Release|Any CPU
	EndGlobalSection
	GlobalSection(ProjectConfigurationPlatforms) = postSolution
		{0428388D-FA8E-48E5-A58A-B8744B3BDDD2}.Debug|Any CPU.ActiveCfg = Debug|Any CPU
		{0428388D-FA8E-48E5-A58A-B8744B3BDDD2}.Debug|Any CPU.Build.0 = Debug|Any CPU
		{0428388D-FA8E-48E5-A58A-B8744B3BDDD2}.Release|Any CPU.ActiveCfg = Release|Any CPU
		{0428388D-FA8E-48E5-A58A-B8744B3BDDD2}.Release|Any CPU.Build.0 = Release|Any CPU
	EndGlobalSection
	GlobalSection(SolutionProperties) = preSolution
		HideSolutionNode = FALSE
	EndGlobalSection
	GlobalSection(ExtensibilityGlobals) = postSolution
		SolutionGuid = {48C633C0-57B6-4FB4-955B-4C42B0C1E768}
	EndGlobalSection
EndGlobal
