
Microsoft Visual Studio Solution File, Format Version 12.00
# Visual Studio 15
VisualStudioVersion = 15.0.28010.2019
MinimumVisualStudioVersion = 10.0.40219.1
Project("{8BC9CEB8-8B4A-11D0-8D11-00A0C91BC942}") = "BOJ_2606", "BOJ_2606\BOJ_2606.vcxproj", "{31A91B19-6830-47C7-A1B9-A14386D822E5}"
EndProject
Global
	GlobalSection(SolutionConfigurationPlatforms) = preSolution
		Debug|x64 = Debug|x64
		Debug|x86 = Debug|x86
		Release|x64 = Release|x64
		Release|x86 = Release|x86
	EndGlobalSection
	GlobalSection(ProjectConfigurationPlatforms) = postSolution
		{31A91B19-6830-47C7-A1B9-A14386D822E5}.Debug|x64.ActiveCfg = Debug|x64
		{31A91B19-6830-47C7-A1B9-A14386D822E5}.Debug|x64.Build.0 = Debug|x64
		{31A91B19-6830-47C7-A1B9-A14386D822E5}.Debug|x86.ActiveCfg = Debug|Win32
		{31A91B19-6830-47C7-A1B9-A14386D822E5}.Debug|x86.Build.0 = Debug|Win32
		{31A91B19-6830-47C7-A1B9-A14386D822E5}.Release|x64.ActiveCfg = Release|x64
		{31A91B19-6830-47C7-A1B9-A14386D822E5}.Release|x64.Build.0 = Release|x64
		{31A91B19-6830-47C7-A1B9-A14386D822E5}.Release|x86.ActiveCfg = Release|Win32
		{31A91B19-6830-47C7-A1B9-A14386D822E5}.Release|x86.Build.0 = Release|Win32
	EndGlobalSection
	GlobalSection(SolutionProperties) = preSolution
		HideSolutionNode = FALSE
	EndGlobalSection
	GlobalSection(ExtensibilityGlobals) = postSolution
		SolutionGuid = {BF7D5601-22DD-4427-99AF-1321B8E1E683}
	EndGlobalSection
EndGlobal
