
Microsoft Visual Studio Solution File, Format Version 12.00
# Visual Studio 15
VisualStudioVersion = 15.0.27004.2006
MinimumVisualStudioVersion = 10.0.40219.1
Project("{8BC9CEB8-8B4A-11D0-8D11-00A0C91BC942}") = "BOJ_11719", "BOJ_11719\BOJ_11719.vcxproj", "{15D81F45-F290-4346-A542-44961B641067}"
EndProject
Global
	GlobalSection(SolutionConfigurationPlatforms) = preSolution
		Debug|x64 = Debug|x64
		Debug|x86 = Debug|x86
		Release|x64 = Release|x64
		Release|x86 = Release|x86
	EndGlobalSection
	GlobalSection(ProjectConfigurationPlatforms) = postSolution
		{15D81F45-F290-4346-A542-44961B641067}.Debug|x64.ActiveCfg = Debug|x64
		{15D81F45-F290-4346-A542-44961B641067}.Debug|x64.Build.0 = Debug|x64
		{15D81F45-F290-4346-A542-44961B641067}.Debug|x86.ActiveCfg = Debug|Win32
		{15D81F45-F290-4346-A542-44961B641067}.Debug|x86.Build.0 = Debug|Win32
		{15D81F45-F290-4346-A542-44961B641067}.Release|x64.ActiveCfg = Release|x64
		{15D81F45-F290-4346-A542-44961B641067}.Release|x64.Build.0 = Release|x64
		{15D81F45-F290-4346-A542-44961B641067}.Release|x86.ActiveCfg = Release|Win32
		{15D81F45-F290-4346-A542-44961B641067}.Release|x86.Build.0 = Release|Win32
	EndGlobalSection
	GlobalSection(SolutionProperties) = preSolution
		HideSolutionNode = FALSE
	EndGlobalSection
	GlobalSection(ExtensibilityGlobals) = postSolution
		SolutionGuid = {4E5DE4B6-95EF-4F08-A539-38182BCFBC48}
	EndGlobalSection
EndGlobal
