
Microsoft Visual Studio Solution File, Format Version 12.00
# Visual Studio 15
VisualStudioVersion = 15.0.28010.2019
MinimumVisualStudioVersion = 10.0.40219.1
Project("{8BC9CEB8-8B4A-11D0-8D11-00A0C91BC942}") = "BOJ_1010", "BOJ_1010\BOJ_1010.vcxproj", "{6B10C963-201F-45A1-8E7B-A6E57BF1DE35}"
EndProject
Global
	GlobalSection(SolutionConfigurationPlatforms) = preSolution
		Debug|x64 = Debug|x64
		Debug|x86 = Debug|x86
		Release|x64 = Release|x64
		Release|x86 = Release|x86
	EndGlobalSection
	GlobalSection(ProjectConfigurationPlatforms) = postSolution
		{6B10C963-201F-45A1-8E7B-A6E57BF1DE35}.Debug|x64.ActiveCfg = Debug|x64
		{6B10C963-201F-45A1-8E7B-A6E57BF1DE35}.Debug|x64.Build.0 = Debug|x64
		{6B10C963-201F-45A1-8E7B-A6E57BF1DE35}.Debug|x86.ActiveCfg = Debug|Win32
		{6B10C963-201F-45A1-8E7B-A6E57BF1DE35}.Debug|x86.Build.0 = Debug|Win32
		{6B10C963-201F-45A1-8E7B-A6E57BF1DE35}.Release|x64.ActiveCfg = Release|x64
		{6B10C963-201F-45A1-8E7B-A6E57BF1DE35}.Release|x64.Build.0 = Release|x64
		{6B10C963-201F-45A1-8E7B-A6E57BF1DE35}.Release|x86.ActiveCfg = Release|Win32
		{6B10C963-201F-45A1-8E7B-A6E57BF1DE35}.Release|x86.Build.0 = Release|Win32
	EndGlobalSection
	GlobalSection(SolutionProperties) = preSolution
		HideSolutionNode = FALSE
	EndGlobalSection
	GlobalSection(ExtensibilityGlobals) = postSolution
		SolutionGuid = {F8016467-73E9-4547-AEF8-10F30FF75BFD}
	EndGlobalSection
EndGlobal
