
Microsoft Visual Studio Solution File, Format Version 12.00
# Visual Studio 15
VisualStudioVersion = 15.0.27004.2008
MinimumVisualStudioVersion = 10.0.40219.1
Project("{8BC9CEB8-8B4A-11D0-8D11-00A0C91BC942}") = "BOJ_5622", "BOJ_5622\BOJ_5622.vcxproj", "{BD2628AD-644A-4DD3-A8CA-39FB15649060}"
EndProject
Global
	GlobalSection(SolutionConfigurationPlatforms) = preSolution
		Debug|x64 = Debug|x64
		Debug|x86 = Debug|x86
		Release|x64 = Release|x64
		Release|x86 = Release|x86
	EndGlobalSection
	GlobalSection(ProjectConfigurationPlatforms) = postSolution
		{BD2628AD-644A-4DD3-A8CA-39FB15649060}.Debug|x64.ActiveCfg = Debug|x64
		{BD2628AD-644A-4DD3-A8CA-39FB15649060}.Debug|x64.Build.0 = Debug|x64
		{BD2628AD-644A-4DD3-A8CA-39FB15649060}.Debug|x86.ActiveCfg = Debug|Win32
		{BD2628AD-644A-4DD3-A8CA-39FB15649060}.Debug|x86.Build.0 = Debug|Win32
		{BD2628AD-644A-4DD3-A8CA-39FB15649060}.Release|x64.ActiveCfg = Release|x64
		{BD2628AD-644A-4DD3-A8CA-39FB15649060}.Release|x64.Build.0 = Release|x64
		{BD2628AD-644A-4DD3-A8CA-39FB15649060}.Release|x86.ActiveCfg = Release|Win32
		{BD2628AD-644A-4DD3-A8CA-39FB15649060}.Release|x86.Build.0 = Release|Win32
	EndGlobalSection
	GlobalSection(SolutionProperties) = preSolution
		HideSolutionNode = FALSE
	EndGlobalSection
	GlobalSection(ExtensibilityGlobals) = postSolution
		SolutionGuid = {3F748B73-FC6E-4251-9D44-7F39C38314DF}
	EndGlobalSection
EndGlobal
