
Microsoft Visual Studio Solution File, Format Version 12.00
# Visual Studio 15
VisualStudioVersion = 15.0.28010.2019
MinimumVisualStudioVersion = 10.0.40219.1
Project("{8BC9CEB8-8B4A-11D0-8D11-00A0C91BC942}") = "BOJ_7576", "BOJ_7576\BOJ_7576.vcxproj", "{0F4C486C-3912-4CD3-AB24-33289C60DC2C}"
EndProject
Global
	GlobalSection(SolutionConfigurationPlatforms) = preSolution
		Debug|x64 = Debug|x64
		Debug|x86 = Debug|x86
		Release|x64 = Release|x64
		Release|x86 = Release|x86
	EndGlobalSection
	GlobalSection(ProjectConfigurationPlatforms) = postSolution
		{0F4C486C-3912-4CD3-AB24-33289C60DC2C}.Debug|x64.ActiveCfg = Debug|x64
		{0F4C486C-3912-4CD3-AB24-33289C60DC2C}.Debug|x64.Build.0 = Debug|x64
		{0F4C486C-3912-4CD3-AB24-33289C60DC2C}.Debug|x86.ActiveCfg = Debug|Win32
		{0F4C486C-3912-4CD3-AB24-33289C60DC2C}.Debug|x86.Build.0 = Debug|Win32
		{0F4C486C-3912-4CD3-AB24-33289C60DC2C}.Release|x64.ActiveCfg = Release|x64
		{0F4C486C-3912-4CD3-AB24-33289C60DC2C}.Release|x64.Build.0 = Release|x64
		{0F4C486C-3912-4CD3-AB24-33289C60DC2C}.Release|x86.ActiveCfg = Release|Win32
		{0F4C486C-3912-4CD3-AB24-33289C60DC2C}.Release|x86.Build.0 = Release|Win32
	EndGlobalSection
	GlobalSection(SolutionProperties) = preSolution
		HideSolutionNode = FALSE
	EndGlobalSection
	GlobalSection(ExtensibilityGlobals) = postSolution
		SolutionGuid = {940F42ED-7EBB-4087-BC4E-9DE72D84A352}
	EndGlobalSection
EndGlobal
