
Microsoft Visual Studio Solution File, Format Version 12.00
# Visual Studio 15
VisualStudioVersion = 15.0.27004.2008
MinimumVisualStudioVersion = 10.0.40219.1
Project("{8BC9CEB8-8B4A-11D0-8D11-00A0C91BC942}") = "BOJ_11720", "BOJ_11720\BOJ_11720.vcxproj", "{DEAE06C3-364E-43AF-915F-8C1E29E83381}"
EndProject
Global
	GlobalSection(SolutionConfigurationPlatforms) = preSolution
		Debug|x64 = Debug|x64
		Debug|x86 = Debug|x86
		Release|x64 = Release|x64
		Release|x86 = Release|x86
	EndGlobalSection
	GlobalSection(ProjectConfigurationPlatforms) = postSolution
		{DEAE06C3-364E-43AF-915F-8C1E29E83381}.Debug|x64.ActiveCfg = Debug|x64
		{DEAE06C3-364E-43AF-915F-8C1E29E83381}.Debug|x64.Build.0 = Debug|x64
		{DEAE06C3-364E-43AF-915F-8C1E29E83381}.Debug|x86.ActiveCfg = Debug|Win32
		{DEAE06C3-364E-43AF-915F-8C1E29E83381}.Debug|x86.Build.0 = Debug|Win32
		{DEAE06C3-364E-43AF-915F-8C1E29E83381}.Release|x64.ActiveCfg = Release|x64
		{DEAE06C3-364E-43AF-915F-8C1E29E83381}.Release|x64.Build.0 = Release|x64
		{DEAE06C3-364E-43AF-915F-8C1E29E83381}.Release|x86.ActiveCfg = Release|Win32
		{DEAE06C3-364E-43AF-915F-8C1E29E83381}.Release|x86.Build.0 = Release|Win32
	EndGlobalSection
	GlobalSection(SolutionProperties) = preSolution
		HideSolutionNode = FALSE
	EndGlobalSection
	GlobalSection(ExtensibilityGlobals) = postSolution
		SolutionGuid = {539F100C-8D34-444C-94AF-7A5ECEE6E555}
	EndGlobalSection
EndGlobal
